
Microsoft Visual Studio Solution File, Format Version 12.00
# Visual Studio Version 17
VisualStudioVersion = 17.6.33829.357
MinimumVisualStudioVersion = 10.0.40219.1
Project("{FAE04EC0-301F-11D3-BF4B-00C04F79EFBC}") = "RobloxLauncher", "RobloxLauncher.csproj", "{6A3E402C-159D-4CD7-91C9-1D9AA8250E8C}"
EndProject
Global
	GlobalSection(SolutionConfigurationPlatforms) = preSolution
		Debug|Any CPU = Debug|Any CPU
		Release|Any CPU = Release|Any CPU
	EndGlobalSection
	GlobalSection(ProjectConfigurationPlatforms) = postSolution
		{6A3E402C-159D-4CD7-91C9-1D9AA8250E8C}.Debug|Any CPU.ActiveCfg = Debug|Any CPU
		{6A3E402C-159D-4CD7-91C9-1D9AA8250E8C}.Debug|Any CPU.Build.0 = Debug|Any CPU
		{6A3E402C-159D-4CD7-91C9-1D9AA8250E8C}.Release|Any CPU.ActiveCfg = Release|Any CPU
		{6A3E402C-159D-4CD7-91C9-1D9AA8250E8C}.Release|Any CPU.Build.0 = Release|Any CPU
	EndGlobalSection
	GlobalSection(SolutionProperties) = preSolution
		HideSolutionNode = FALSE
	EndGlobalSection
	GlobalSection(ExtensibilityGlobals) = postSolution
		SolutionGuid = {652B8FEB-48CD-4942-8E11-6B97A9065176}
	EndGlobalSection
EndGlobal
